
Microsoft Visual Studio Solution File, Format Version 12.00
# Visual Studio 15
VisualStudioVersion = 15.0.28010.2026
MinimumVisualStudioVersion = 10.0.40219.1
Project("{FAE04EC0-301F-11D3-BF4B-00C04F79EFBC}") = "CozaStore", "CozaStore\CozaStore.csproj", "{6AF24A7F-E3E1-4D8D-8B22-54978C8B3269}"
EndProject
Global
	GlobalSection(SolutionConfigurationPlatforms) = preSolution
		Debug|Any CPU = Debug|Any CPU
		Release|Any CPU = Release|Any CPU
	EndGlobalSection
	GlobalSection(ProjectConfigurationPlatforms) = postSolution
		{6AF24A7F-E3E1-4D8D-8B22-54978C8B3269}.Debug|Any CPU.ActiveCfg = Debug|Any CPU
		{6AF24A7F-E3E1-4D8D-8B22-54978C8B3269}.Debug|Any CPU.Build.0 = Debug|Any CPU
		{6AF24A7F-E3E1-4D8D-8B22-54978C8B3269}.Release|Any CPU.ActiveCfg = Release|Any CPU
		{6AF24A7F-E3E1-4D8D-8B22-54978C8B3269}.Release|Any CPU.Build.0 = Release|Any CPU
	EndGlobalSection
	GlobalSection(SolutionProperties) = preSolution
		HideSolutionNode = FALSE
	EndGlobalSection
	GlobalSection(ExtensibilityGlobals) = postSolution
		SolutionGuid = {D419DAF1-654E-4316-8EB9-A14A01A703E9}
	EndGlobalSection
EndGlobal
